// !$*UTF8*$!
{
	archiveVersion = 1;
	classes = {
	};
	objectVersion = 77;
	objects = {

/* Begin PBXBuildFile section */
		D05DEBE42F052C6900D6AEED /* Currency.swift in Sources */ = {isa = PBXBuildFile; fileRef = D05DEBE32F052C6900D6AEED /* Currency.swift */; };
		D05DEBE52F052C6900D6AEED /* Account.swift in Sources */ = {isa = PBXBuildFile; fileRef = D05DEBE12F052C6900D6AEED /* Account.swift */; };
		D05DEBE62F052C6900D6AEED /* Transaction.swift in Sources */ = {isa = PBXBuildFile; fileRef = D05DEBE02F052C6900D6AEED /* Transaction.swift */; };
		D05DEBEA2F052C7100D6AEED /* AccountViewModel.swift in Sources */ = {isa = PBXBuildFile; fileRef = D05DEBE82F052C7100D6AEED /* AccountViewModel.swift */; };
		D05DEBF62F052C7800D6AEED /* TransactionIncomeView.swift in Sources */ = {isa = PBXBuildFile; fileRef = D05DEBED2F052C7800D6AEED /* TransactionIncomeView.swift */; };
		D05DEBF72F052C7800D6AEED /* AccountRow.swift in Sources */ = {isa = PBXBuildFile; fileRef = D05DEBF02F052C7800D6AEED /* AccountRow.swift */; };
		D05DEBF82F052C7800D6AEED /* AccountDetailView.swift in Sources */ = {isa = PBXBuildFile; fileRef = D05DEBF22F052C7800D6AEED /* AccountDetailView.swift */; };
		D05DEBF92F052C7800D6AEED /* AccountListView.swift in Sources */ = {isa = PBXBuildFile; fileRef = D05DEBF12F052C7800D6AEED /* AccountListView.swift */; };
		D05DEBFA2F052C7800D6AEED /* AccountAddView.swift in Sources */ = {isa = PBXBuildFile; fileRef = D05DEBF32F052C7800D6AEED /* AccountAddView.swift */; };
		D05DEBFB2F052C7800D6AEED /* TransactionCostView.swift in Sources */ = {isa = PBXBuildFile; fileRef = D05DEBEC2F052C7800D6AEED /* TransactionCostView.swift */; };
		D05DEBFC2F052C7800D6AEED /* TransactionView.swift in Sources */ = {isa = PBXBuildFile; fileRef = D05DEBEB2F052C7800D6AEED /* TransactionView.swift */; };
		D05DEBFD2F052C7800D6AEED /* TransactionTransferView.swift in Sources */ = {isa = PBXBuildFile; fileRef = D05DEBEE2F052C7800D6AEED /* TransactionTransferView.swift */; };
		D05DEC012F052C8100D6AEED /* Route.swift in Sources */ = {isa = PBXBuildFile; fileRef = D05DEBFF2F052C8100D6AEED /* Route.swift */; };
		D05DEC022F052C8100D6AEED /* MoneyFlowApp.swift in Sources */ = {isa = PBXBuildFile; fileRef = D05DEBFE2F052C8100D6AEED /* MoneyFlowApp.swift */; };
		D05DEC042F052CAC00D6AEED /* Assets .xcassets in Resources */ = {isa = PBXBuildFile; fileRef = D05DEC032F052CAC00D6AEED /* Assets .xcassets */; };
		D05DEC082F05570B00D6AEED /* TransactionVM.swift in Sources */ = {isa = PBXBuildFile; fileRef = D05DEC072F05570B00D6AEED /* TransactionVM.swift */; };
		D06CD7342F101944002D4A05 /* TransactionsListView.swift in Sources */ = {isa = PBXBuildFile; fileRef = D06CD7332F101944002D4A05 /* TransactionsListView.swift */; };
		D06CD7372F101C9D002D4A05 /* TransactionTypeProtocol.swift in Sources */ = {isa = PBXBuildFile; fileRef = D06CD7362F101C9D002D4A05 /* TransactionTypeProtocol.swift */; };
		D06CD7392F101DE4002D4A05 /* TransactionGroup.swift in Sources */ = {isa = PBXBuildFile; fileRef = D06CD7382F101DE4002D4A05 /* TransactionGroup.swift */; };
		D06CD73B2F1022B3002D4A05 /* CostCategory.swift in Sources */ = {isa = PBXBuildFile; fileRef = D06CD73A2F1022B3002D4A05 /* CostCategory.swift */; };
		D06CD73D2F103C85002D4A05 /* IncomeCategory.swift in Sources */ = {isa = PBXBuildFile; fileRef = D06CD73C2F103C85002D4A05 /* IncomeCategory.swift */; };
		D06CD73F2F103D32002D4A05 /* TransferType.swift in Sources */ = {isa = PBXBuildFile; fileRef = D06CD73E2F103D32002D4A05 /* TransferType.swift */; };
		D06CD7412F103E0A002D4A05 /* TransactionCategory.swift in Sources */ = {isa = PBXBuildFile; fileRef = D06CD7402F103E0A002D4A05 /* TransactionCategory.swift */; };
/* End PBXBuildFile section */

/* Begin PBXFileReference section */
		D05DEBC62F052BFC00D6AEED /* MoneyFlowUp.app */ = {isa = PBXFileReference; explicitFileType = wrapper.application; includeInIndex = 0; path = MoneyFlowUp.app; sourceTree = BUILT_PRODUCTS_DIR; };
		D05DEBE02F052C6900D6AEED /* Transaction.swift */ = {isa = PBXFileReference; lastKnownFileType = sourcecode.swift; path = Transaction.swift; sourceTree = "<group>"; };
		D05DEBE12F052C6900D6AEED /* Account.swift */ = {isa = PBXFileReference; lastKnownFileType = sourcecode.swift; path = Account.swift; sourceTree = "<group>"; };
		D05DEBE32F052C6900D6AEED /* Currency.swift */ = {isa = PBXFileReference; lastKnownFileType = sourcecode.swift; path = Currency.swift; sourceTree = "<group>"; };
		D05DEBE82F052C7100D6AEED /* AccountViewModel.swift */ = {isa = PBXFileReference; lastKnownFileType = sourcecode.swift; path = AccountViewModel.swift; sourceTree = "<group>"; };
		D05DEBEB2F052C7800D6AEED /* TransactionView.swift */ = {isa = PBXFileReference; lastKnownFileType = sourcecode.swift; path = TransactionView.swift; sourceTree = "<group>"; };
		D05DEBEC2F052C7800D6AEED /* TransactionCostView.swift */ = {isa = PBXFileReference; lastKnownFileType = sourcecode.swift; path = TransactionCostView.swift; sourceTree = "<group>"; };
		D05DEBED2F052C7800D6AEED /* TransactionIncomeView.swift */ = {isa = PBXFileReference; lastKnownFileType = sourcecode.swift; path = TransactionIncomeView.swift; sourceTree = "<group>"; };
		D05DEBEE2F052C7800D6AEED /* TransactionTransferView.swift */ = {isa = PBXFileReference; lastKnownFileType = sourcecode.swift; path = TransactionTransferView.swift; sourceTree = "<group>"; };
		D05DEBF02F052C7800D6AEED /* AccountRow.swift */ = {isa = PBXFileReference; lastKnownFileType = sourcecode.swift; path = AccountRow.swift; sourceTree = "<group>"; };
		D05DEBF12F052C7800D6AEED /* AccountListView.swift */ = {isa = PBXFileReference; lastKnownFileType = sourcecode.swift; path = AccountListView.swift; sourceTree = "<group>"; };
		D05DEBF22F052C7800D6AEED /* AccountDetailView.swift */ = {isa = PBXFileReference; lastKnownFileType = sourcecode.swift; path = AccountDetailView.swift; sourceTree = "<group>"; };
		D05DEBF32F052C7800D6AEED /* AccountAddView.swift */ = {isa = PBXFileReference; lastKnownFileType = sourcecode.swift; path = AccountAddView.swift; sourceTree = "<group>"; };
		D05DEBFE2F052C8100D6AEED /* MoneyFlowApp.swift */ = {isa = PBXFileReference; lastKnownFileType = sourcecode.swift; path = MoneyFlowApp.swift; sourceTree = "<group>"; };
		D05DEBFF2F052C8100D6AEED /* Route.swift */ = {isa = PBXFileReference; lastKnownFileType = sourcecode.swift; path = Route.swift; sourceTree = "<group>"; };
		D05DEC032F052CAC00D6AEED /* Assets .xcassets */ = {isa = PBXFileReference; lastKnownFileType = folder.assetcatalog; path = "Assets .xcassets"; sourceTree = "<group>"; };
		D05DEC072F05570B00D6AEED /* TransactionVM.swift */ = {isa = PBXFileReference; lastKnownFileType = sourcecode.swift; path = TransactionVM.swift; sourceTree = "<group>"; };
		D06CD7332F101944002D4A05 /* TransactionsListView.swift */ = {isa = PBXFileReference; lastKnownFileType = sourcecode.swift; path = TransactionsListView.swift; sourceTree = "<group>"; };
		D06CD7362F101C9D002D4A05 /* TransactionTypeProtocol.swift */ = {isa = PBXFileReference; lastKnownFileType = sourcecode.swift; path = TransactionTypeProtocol.swift; sourceTree = "<group>"; };
		D06CD7382F101DE4002D4A05 /* TransactionGroup.swift */ = {isa = PBXFileReference; lastKnownFileType = sourcecode.swift; path = TransactionGroup.swift; sourceTree = "<group>"; };
		D06CD73A2F1022B3002D4A05 /* CostCategory.swift */ = {isa = PBXFileReference; lastKnownFileType = sourcecode.swift; path = CostCategory.swift; sourceTree = "<group>"; };
		D06CD73C2F103C85002D4A05 /* IncomeCategory.swift */ = {isa = PBXFileReference; lastKnownFileType = sourcecode.swift; path = IncomeCategory.swift; sourceTree = "<group>"; };
		D06CD73E2F103D32002D4A05 /* TransferType.swift */ = {isa = PBXFileReference; lastKnownFileType = sourcecode.swift; path = TransferType.swift; sourceTree = "<group>"; };
		D06CD7402F103E0A002D4A05 /* TransactionCategory.swift */ = {isa = PBXFileReference; lastKnownFileType = sourcecode.swift; path = TransactionCategory.swift; sourceTree = "<group>"; };
/* End PBXFileReference section */

/* Begin PBXFrameworksBuildPhase section */
		D05DEBC32F052BFC00D6AEED /* Frameworks */ = {
			isa = PBXFrameworksBuildPhase;
			buildActionMask = 2147483647;
			files = (
			);
			runOnlyForDeploymentPostprocessing = 0;
		};
/* End PBXFrameworksBuildPhase section */

/* Begin PBXGroup section */
		D05DEBBD2F052BFC00D6AEED = {
			isa = PBXGroup;
			children = (
				D05DEBDA2F052C2500D6AEED /* MoneyFlowUp */,
				D05DEBC72F052BFC00D6AEED /* Products */,
			);
			sourceTree = "<group>";
		};
		D05DEBC72F052BFC00D6AEED /* Products */ = {
			isa = PBXGroup;
			children = (
				D05DEBC62F052BFC00D6AEED /* MoneyFlowUp.app */,
			);
			name = Products;
			sourceTree = "<group>";
		};
		D05DEBDA2F052C2500D6AEED /* MoneyFlowUp */ = {
			isa = PBXGroup;
			children = (
				D06CD7352F101C50002D4A05 /* Protocols and enums */,
				D05DEC002F052C8100D6AEED /* App */,
				D05DEBF52F052C7800D6AEED /* View */,
				D05DEBE92F052C7100D6AEED /* ViewModel */,
				D05DEBDF2F052C6400D6AEED /* Model */,
				D05DEC032F052CAC00D6AEED /* Assets .xcassets */,
			);
			path = MoneyFlowUp;
			sourceTree = "<group>";
		};
		D05DEBDF2F052C6400D6AEED /* Model */ = {
			isa = PBXGroup;
			children = (
				D05DEBE02F052C6900D6AEED /* Transaction.swift */,
				D05DEBE12F052C6900D6AEED /* Account.swift */,
				D05DEBE32F052C6900D6AEED /* Currency.swift */,
				D06CD73A2F1022B3002D4A05 /* CostCategory.swift */,
				D06CD73C2F103C85002D4A05 /* IncomeCategory.swift */,
				D06CD73E2F103D32002D4A05 /* TransferType.swift */,
			);
			path = Model;
			sourceTree = "<group>";
		};
		D05DEBE92F052C7100D6AEED /* ViewModel */ = {
			isa = PBXGroup;
			children = (
				D05DEBE82F052C7100D6AEED /* AccountViewModel.swift */,
				D05DEC072F05570B00D6AEED /* TransactionVM.swift */,
			);
			path = ViewModel;
			sourceTree = "<group>";
		};
		D05DEBEF2F052C7800D6AEED /* TransactionViews */ = {
			isa = PBXGroup;
			children = (
				D05DEBEB2F052C7800D6AEED /* TransactionView.swift */,
				D06CD7332F101944002D4A05 /* TransactionsListView.swift */,
				D05DEBEC2F052C7800D6AEED /* TransactionCostView.swift */,
				D05DEBED2F052C7800D6AEED /* TransactionIncomeView.swift */,
				D05DEBEE2F052C7800D6AEED /* TransactionTransferView.swift */,
			);
			path = TransactionViews;
			sourceTree = "<group>";
		};
		D05DEBF42F052C7800D6AEED /* AccountViews */ = {
			isa = PBXGroup;
			children = (
				D05DEBF02F052C7800D6AEED /* AccountRow.swift */,
				D05DEBF12F052C7800D6AEED /* AccountListView.swift */,
				D05DEBF22F052C7800D6AEED /* AccountDetailView.swift */,
				D05DEBF32F052C7800D6AEED /* AccountAddView.swift */,
			);
			path = AccountViews;
			sourceTree = "<group>";
		};
		D05DEBF52F052C7800D6AEED /* View */ = {
			isa = PBXGroup;
			children = (
				D05DEBEF2F052C7800D6AEED /* TransactionViews */,
				D05DEBF42F052C7800D6AEED /* AccountViews */,
			);
			path = View;
			sourceTree = "<group>";
		};
		D05DEC002F052C8100D6AEED /* App */ = {
			isa = PBXGroup;
			children = (
				D05DEBFE2F052C8100D6AEED /* MoneyFlowApp.swift */,
			);
			path = App;
			sourceTree = "<group>";
		};
		D06CD7352F101C50002D4A05 /* Protocols and enums */ = {
			isa = PBXGroup;
			children = (
				D05DEBFF2F052C8100D6AEED /* Route.swift */,
				D06CD7362F101C9D002D4A05 /* TransactionTypeProtocol.swift */,
				D06CD7382F101DE4002D4A05 /* TransactionGroup.swift */,
				D06CD7402F103E0A002D4A05 /* TransactionCategory.swift */,
			);
			path = "Protocols and enums";
			sourceTree = "<group>";
		};
/* End PBXGroup section */

/* Begin PBXNativeTarget section */
		D05DEBC52F052BFC00D6AEED /* MoneyFlowUp */ = {
			isa = PBXNativeTarget;
			buildConfigurationList = D05DEBD32F052BFE00D6AEED /* Build configuration list for PBXNativeTarget "MoneyFlowUp" */;
			buildPhases = (
				D05DEBC22F052BFC00D6AEED /* Sources */,
				D05DEBC32F052BFC00D6AEED /* Frameworks */,
				D05DEBC42F052BFC00D6AEED /* Resources */,
			);
			buildRules = (
			);
			dependencies = (
			);
			name = MoneyFlowUp;
			packageProductDependencies = (
			);
			productName = MoneyFlowUp;
			productReference = D05DEBC62F052BFC00D6AEED /* MoneyFlowUp.app */;
			productType = "com.apple.product-type.application";
		};
/* End PBXNativeTarget section */

/* Begin PBXProject section */
		D05DEBBE2F052BFC00D6AEED /* Project object */ = {
			isa = PBXProject;
			attributes = {
				BuildIndependentTargetsInParallel = 1;
				LastSwiftUpdateCheck = 2600;
				LastUpgradeCheck = 2600;
				TargetAttributes = {
					D05DEBC52F052BFC00D6AEED = {
						CreatedOnToolsVersion = 26.0.1;
					};
				};
			};
			buildConfigurationList = D05DEBC12F052BFC00D6AEED /* Build configuration list for PBXProject "MoneyFlowUp" */;
			developmentRegion = en;
			hasScannedForEncodings = 0;
			knownRegions = (
				en,
				Base,
			);
			mainGroup = D05DEBBD2F052BFC00D6AEED;
			minimizedProjectReferenceProxies = 1;
			preferredProjectObjectVersion = 77;
			productRefGroup = D05DEBC72F052BFC00D6AEED /* Products */;
			projectDirPath = "";
			projectRoot = "";
			targets = (
				D05DEBC52F052BFC00D6AEED /* MoneyFlowUp */,
			);
		};
/* End PBXProject section */

/* Begin PBXResourcesBuildPhase section */
		D05DEBC42F052BFC00D6AEED /* Resources */ = {
			isa = PBXResourcesBuildPhase;
			buildActionMask = 2147483647;
			files = (
				D05DEC042F052CAC00D6AEED /* Assets .xcassets in Resources */,
			);
			runOnlyForDeploymentPostprocessing = 0;
		};
/* End PBXResourcesBuildPhase section */

/* Begin PBXSourcesBuildPhase section */
		D05DEBC22F052BFC00D6AEED /* Sources */ = {
			isa = PBXSourcesBuildPhase;
			buildActionMask = 2147483647;
			files = (
				D06CD7372F101C9D002D4A05 /* TransactionTypeProtocol.swift in Sources */,
				D06CD73B2F1022B3002D4A05 /* CostCategory.swift in Sources */,
				D06CD7412F103E0A002D4A05 /* TransactionCategory.swift in Sources */,
				D05DEBE42F052C6900D6AEED /* Currency.swift in Sources */,
				D05DEBE52F052C6900D6AEED /* Account.swift in Sources */,
				D06CD73F2F103D32002D4A05 /* TransferType.swift in Sources */,
				D05DEBE62F052C6900D6AEED /* Transaction.swift in Sources */,
				D06CD7392F101DE4002D4A05 /* TransactionGroup.swift in Sources */,
				D05DEBEA2F052C7100D6AEED /* AccountViewModel.swift in Sources */,
				D05DEBF62F052C7800D6AEED /* TransactionIncomeView.swift in Sources */,
				D05DEBF72F052C7800D6AEED /* AccountRow.swift in Sources */,
				D05DEC082F05570B00D6AEED /* TransactionVM.swift in Sources */,
				D05DEBF82F052C7800D6AEED /* AccountDetailView.swift in Sources */,
				D05DEBF92F052C7800D6AEED /* AccountListView.swift in Sources */,
				D06CD73D2F103C85002D4A05 /* IncomeCategory.swift in Sources */,
				D05DEBFA2F052C7800D6AEED /* AccountAddView.swift in Sources */,
				D05DEBFB2F052C7800D6AEED /* TransactionCostView.swift in Sources */,
				D05DEBFC2F052C7800D6AEED /* TransactionView.swift in Sources */,
				D05DEC012F052C8100D6AEED /* Route.swift in Sources */,
				D05DEC022F052C8100D6AEED /* MoneyFlowApp.swift in Sources */,
				D06CD7342F101944002D4A05 /* TransactionsListView.swift in Sources */,
				D05DEBFD2F052C7800D6AEED /* TransactionTransferView.swift in Sources */,
			);
			runOnlyForDeploymentPostprocessing = 0;
		};
/* End PBXSourcesBuildPhase section */

/* Begin XCBuildConfiguration section */
		D05DEBD12F052BFE00D6AEED /* Debug */ = {
			isa = XCBuildConfiguration;
			buildSettings = {
				ALWAYS_SEARCH_USER_PATHS = NO;
				ASSETCATALOG_COMPILER_GENERATE_SWIFT_ASSET_SYMBOL_EXTENSIONS = YES;
				CLANG_ANALYZER_NONNULL = YES;
				CLANG_ANALYZER_NUMBER_OBJECT_CONVERSION = YES_AGGRESSIVE;
				CLANG_CXX_LANGUAGE_STANDARD = "gnu++20";
				CLANG_ENABLE_MODULES = YES;
				CLANG_ENABLE_OBJC_ARC = YES;
				CLANG_ENABLE_OBJC_WEAK = YES;
				CLANG_WARN_BLOCK_CAPTURE_AUTORELEASING = YES;
				CLANG_WARN_BOOL_CONVERSION = YES;
				CLANG_WARN_COMMA = YES;
				CLANG_WARN_CONSTANT_CONVERSION = YES;
				CLANG_WARN_DEPRECATED_OBJC_IMPLEMENTATIONS = YES;
				CLANG_WARN_DIRECT_OBJC_ISA_USAGE = YES_ERROR;
				CLANG_WARN_DOCUMENTATION_COMMENTS = YES;
				CLANG_WARN_EMPTY_BODY = YES;
				CLANG_WARN_ENUM_CONVERSION = YES;
				CLANG_WARN_INFINITE_RECURSION = YES;
				CLANG_WARN_INT_CONVERSION = YES;
				CLANG_WARN_NON_LITERAL_NULL_CONVERSION = YES;
				CLANG_WARN_OBJC_IMPLICIT_RETAIN_SELF = YES;
				CLANG_WARN_OBJC_LITERAL_CONVERSION = YES;
				CLANG_WARN_OBJC_ROOT_CLASS = YES_ERROR;
				CLANG_WARN_QUOTED_INCLUDE_IN_FRAMEWORK_HEADER = YES;
				CLANG_WARN_RANGE_LOOP_ANALYSIS = YES;
				CLANG_WARN_STRICT_PROTOTYPES = YES;
				CLANG_WARN_SUSPICIOUS_MOVE = YES;
				CLANG_WARN_UNGUARDED_AVAILABILITY = YES_AGGRESSIVE;
				CLANG_WARN_UNREACHABLE_CODE = YES;
				CLANG_WARN__DUPLICATE_METHOD_MATCH = YES;
				COPY_PHASE_STRIP = NO;
				DEBUG_INFORMATION_FORMAT = dwarf;
				DEVELOPMENT_TEAM = SMFNSK27YT;
				ENABLE_STRICT_OBJC_MSGSEND = YES;
				ENABLE_TESTABILITY = YES;
				ENABLE_USER_SCRIPT_SANDBOXING = YES;
				GCC_C_LANGUAGE_STANDARD = gnu17;
				GCC_DYNAMIC_NO_PIC = NO;
				GCC_NO_COMMON_BLOCKS = YES;
				GCC_OPTIMIZATION_LEVEL = 0;
				GCC_PREPROCESSOR_DEFINITIONS = (
					"DEBUG=1",
					"$(inherited)",
				);
				GCC_WARN_64_TO_32_BIT_CONVERSION = YES;
				GCC_WARN_ABOUT_RETURN_TYPE = YES_ERROR;
				GCC_WARN_UNDECLARED_SELECTOR = YES;
				GCC_WARN_UNINITIALIZED_AUTOS = YES_AGGRESSIVE;
				GCC_WARN_UNUSED_FUNCTION = YES;
				GCC_WARN_UNUSED_VARIABLE = YES;
				IPHONEOS_DEPLOYMENT_TARGET = 26.0;
				LOCALIZATION_PREFERS_STRING_CATALOGS = YES;
				MTL_ENABLE_DEBUG_INFO = INCLUDE_SOURCE;
				MTL_FAST_MATH = YES;
				ONLY_ACTIVE_ARCH = YES;
				SDKROOT = iphoneos;
				SWIFT_ACTIVE_COMPILATION_CONDITIONS = "DEBUG $(inherited)";
				SWIFT_OPTIMIZATION_LEVEL = "-Onone";
			};
			name = Debug;
		};
		D05DEBD22F052BFE00D6AEED /* Release */ = {
			isa = XCBuildConfiguration;
			buildSettings = {
				ALWAYS_SEARCH_USER_PATHS = NO;
				ASSETCATALOG_COMPILER_GENERATE_SWIFT_ASSET_SYMBOL_EXTENSIONS = YES;
				CLANG_ANALYZER_NONNULL = YES;
				CLANG_ANALYZER_NUMBER_OBJECT_CONVERSION = YES_AGGRESSIVE;
				CLANG_CXX_LANGUAGE_STANDARD = "gnu++20";
				CLANG_ENABLE_MODULES = YES;
				CLANG_ENABLE_OBJC_ARC = YES;
				CLANG_ENABLE_OBJC_WEAK = YES;
				CLANG_WARN_BLOCK_CAPTURE_AUTORELEASING = YES;
				CLANG_WARN_BOOL_CONVERSION = YES;
				CLANG_WARN_COMMA = YES;
				CLANG_WARN_CONSTANT_CONVERSION = YES;
				CLANG_WARN_DEPRECATED_OBJC_IMPLEMENTATIONS = YES;
				CLANG_WARN_DIRECT_OBJC_ISA_USAGE = YES_ERROR;
				CLANG_WARN_DOCUMENTATION_COMMENTS = YES;
				CLANG_WARN_EMPTY_BODY = YES;
				CLANG_WARN_ENUM_CONVERSION = YES;
				CLANG_WARN_INFINITE_RECURSION = YES;
				CLANG_WARN_INT_CONVERSION = YES;
				CLANG_WARN_NON_LITERAL_NULL_CONVERSION = YES;
				CLANG_WARN_OBJC_IMPLICIT_RETAIN_SELF = YES;
				CLANG_WARN_OBJC_LITERAL_CONVERSION = YES;
				CLANG_WARN_OBJC_ROOT_CLASS = YES_ERROR;
				CLANG_WARN_QUOTED_INCLUDE_IN_FRAMEWORK_HEADER = YES;
				CLANG_WARN_RANGE_LOOP_ANALYSIS = YES;
				CLANG_WARN_STRICT_PROTOTYPES = YES;
				CLANG_WARN_SUSPICIOUS_MOVE = YES;
				CLANG_WARN_UNGUARDED_AVAILABILITY = YES_AGGRESSIVE;
				CLANG_WARN_UNREACHABLE_CODE = YES;
				CLANG_WARN__DUPLICATE_METHOD_MATCH = YES;
				COPY_PHASE_STRIP = NO;
				DEBUG_INFORMATION_FORMAT = "dwarf-with-dsym";
				DEVELOPMENT_TEAM = SMFNSK27YT;
				ENABLE_NS_ASSERTIONS = NO;
				ENABLE_STRICT_OBJC_MSGSEND = YES;
				ENABLE_USER_SCRIPT_SANDBOXING = YES;
				GCC_C_LANGUAGE_STANDARD = gnu17;
				GCC_NO_COMMON_BLOCKS = YES;
				GCC_WARN_64_TO_32_BIT_CONVERSION = YES;
				GCC_WARN_ABOUT_RETURN_TYPE = YES_ERROR;
				GCC_WARN_UNDECLARED_SELECTOR = YES;
				GCC_WARN_UNINITIALIZED_AUTOS = YES_AGGRESSIVE;
				GCC_WARN_UNUSED_FUNCTION = YES;
				GCC_WARN_UNUSED_VARIABLE = YES;
				IPHONEOS_DEPLOYMENT_TARGET = 26.0;
				LOCALIZATION_PREFERS_STRING_CATALOGS = YES;
				MTL_ENABLE_DEBUG_INFO = NO;
				MTL_FAST_MATH = YES;
				SDKROOT = iphoneos;
				SWIFT_COMPILATION_MODE = wholemodule;
				VALIDATE_PRODUCT = YES;
			};
			name = Release;
		};
		D05DEBD42F052BFE00D6AEED /* Debug */ = {
			isa = XCBuildConfiguration;
			buildSettings = {
				ASSETCATALOG_COMPILER_APPICON_NAME = AppIcon;
				ASSETCATALOG_COMPILER_GLOBAL_ACCENT_COLOR_NAME = AccentColor;
				CODE_SIGN_STYLE = Automatic;
				CURRENT_PROJECT_VERSION = 1;
				DEVELOPMENT_TEAM = SMFNSK27YT;
				ENABLE_PREVIEWS = YES;
				GENERATE_INFOPLIST_FILE = YES;
				INFOPLIST_KEY_UIApplicationSceneManifest_Generation = YES;
				INFOPLIST_KEY_UIApplicationSupportsIndirectInputEvents = YES;
				INFOPLIST_KEY_UILaunchScreen_Generation = YES;
				INFOPLIST_KEY_UISupportedInterfaceOrientations_iPad = "UIInterfaceOrientationPortrait UIInterfaceOrientationPortraitUpsideDown UIInterfaceOrientationLandscapeLeft UIInterfaceOrientationLandscapeRight";
				INFOPLIST_KEY_UISupportedInterfaceOrientations_iPhone = "UIInterfaceOrientationPortrait UIInterfaceOrientationLandscapeLeft UIInterfaceOrientationLandscapeRight";
				LD_RUNPATH_SEARCH_PATHS = (
					"$(inherited)",
					"@executable_path/Frameworks",
				);
				MARKETING_VERSION = 1.0;
				PRODUCT_BUNDLE_IDENTIFIER = homelessTeam.MoneyFlowUp;
				PRODUCT_NAME = "$(TARGET_NAME)";
				STRING_CATALOG_GENERATE_SYMBOLS = YES;
				SWIFT_APPROACHABLE_CONCURRENCY = YES;
				SWIFT_DEFAULT_ACTOR_ISOLATION = MainActor;
				SWIFT_EMIT_LOC_STRINGS = YES;
				SWIFT_UPCOMING_FEATURE_MEMBER_IMPORT_VISIBILITY = YES;
				SWIFT_VERSION = 5.0;
				TARGETED_DEVICE_FAMILY = "1,2";
			};
			name = Debug;
		};
		D05DEBD52F052BFE00D6AEED /* Release */ = {
			isa = XCBuildConfiguration;
			buildSettings = {
				ASSETCATALOG_COMPILER_APPICON_NAME = AppIcon;
				ASSETCATALOG_COMPILER_GLOBAL_ACCENT_COLOR_NAME = AccentColor;
				CODE_SIGN_STYLE = Automatic;
				CURRENT_PROJECT_VERSION = 1;
				DEVELOPMENT_TEAM = SMFNSK27YT;
				ENABLE_PREVIEWS = YES;
				GENERATE_INFOPLIST_FILE = YES;
				INFOPLIST_KEY_UIApplicationSceneManifest_Generation = YES;
				INFOPLIST_KEY_UIApplicationSupportsIndirectInputEvents = YES;
				INFOPLIST_KEY_UILaunchScreen_Generation = YES;
				INFOPLIST_KEY_UISupportedInterfaceOrientations_iPad = "UIInterfaceOrientationPortrait UIInterfaceOrientationPortraitUpsideDown UIInterfaceOrientationLandscapeLeft UIInterfaceOrientationLandscapeRight";
				INFOPLIST_KEY_UISupportedInterfaceOrientations_iPhone = "UIInterfaceOrientationPortrait UIInterfaceOrientationLandscapeLeft UIInterfaceOrientationLandscapeRight";
				LD_RUNPATH_SEARCH_PATHS = (
					"$(inherited)",
					"@executable_path/Frameworks",
				);
				MARKETING_VERSION = 1.0;
				PRODUCT_BUNDLE_IDENTIFIER = homelessTeam.MoneyFlowUp;
				PRODUCT_NAME = "$(TARGET_NAME)";
				STRING_CATALOG_GENERATE_SYMBOLS = YES;
				SWIFT_APPROACHABLE_CONCURRENCY = YES;
				SWIFT_DEFAULT_ACTOR_ISOLATION = MainActor;
				SWIFT_EMIT_LOC_STRINGS = YES;
				SWIFT_UPCOMING_FEATURE_MEMBER_IMPORT_VISIBILITY = YES;
				SWIFT_VERSION = 5.0;
				TARGETED_DEVICE_FAMILY = "1,2";
			};
			name = Release;
		};
/* End XCBuildConfiguration section */

/* Begin XCConfigurationList section */
		D05DEBC12F052BFC00D6AEED /* Build configuration list for PBXProject "MoneyFlowUp" */ = {
			isa = XCConfigurationList;
			buildConfigurations = (
				D05DEBD12F052BFE00D6AEED /* Debug */,
				D05DEBD22F052BFE00D6AEED /* Release */,
			);
			defaultConfigurationIsVisible = 0;
			defaultConfigurationName = Release;
		};
		D05DEBD32F052BFE00D6AEED /* Build configuration list for PBXNativeTarget "MoneyFlowUp" */ = {
			isa = XCConfigurationList;
			buildConfigurations = (
				D05DEBD42F052BFE00D6AEED /* Debug */,
				D05DEBD52F052BFE00D6AEED /* Release */,
			);
			defaultConfigurationIsVisible = 0;
			defaultConfigurationName = Release;
		};
/* End XCConfigurationList section */
	};
	rootObject = D05DEBBE2F052BFC00D6AEED /* Project object */;
}
